
Microsoft Visual Studio Solution File, Format Version 12.00
# Visual Studio 15
VisualStudioVersion = 15.0.26430.16
MinimumVisualStudioVersion = 10.0.40219.1
Project("{FAE04EC0-301F-11D3-BF4B-00C04F79EFBC}") = "testapp", "testapp\testapp.csproj", "{CA5C1BEB-2A6D-473E-B5B1-B1526A2C126D}"
EndProject
Global
	GlobalSection(SolutionConfigurationPlatforms) = preSolution
		Debug|Any CPU = Debug|Any CPU
		Release|Any CPU = Release|Any CPU
	EndGlobalSection
	GlobalSection(ProjectConfigurationPlatforms) = postSolution
		{CA5C1BEB-2A6D-473E-B5B1-B1526A2C126D}.Debug|Any CPU.ActiveCfg = Debug|Any CPU
		{CA5C1BEB-2A6D-473E-B5B1-B1526A2C126D}.Debug|Any CPU.Build.0 = Debug|Any CPU
		{CA5C1BEB-2A6D-473E-B5B1-B1526A2C126D}.Release|Any CPU.ActiveCfg = Release|Any CPU
		{CA5C1BEB-2A6D-473E-B5B1-B1526A2C126D}.Release|Any CPU.Build.0 = Release|Any CPU
	EndGlobalSection
	GlobalSection(SolutionProperties) = preSolution
		HideSolutionNode = FALSE
	EndGlobalSection
EndGlobal
